
Microsoft Visual Studio Solution File, Format Version 12.00
# Visual Studio 15
VisualStudioVersion = 15.0.36617.4
MinimumVisualStudioVersion = 10.0.40219.1
Project("{F184B08F-C81C-45F6-A57F-5ABD9991F28F}") = "Arinfo", "Arinfo.vbproj", "{6D776752-440D-432D-870B-E28CFBDC57B1}"
EndProject
Global
	GlobalSection(SolutionConfigurationPlatforms) = preSolution
		Debug|Any CPU = Debug|Any CPU
		Release|Any CPU = Release|Any CPU
	EndGlobalSection
	GlobalSection(ProjectConfigurationPlatforms) = postSolution
		{6D776752-440D-432D-870B-E28CFBDC57B1}.Debug|Any CPU.ActiveCfg = Debug|Any CPU
		{6D776752-440D-432D-870B-E28CFBDC57B1}.Debug|Any CPU.Build.0 = Debug|Any CPU
		{6D776752-440D-432D-870B-E28CFBDC57B1}.Release|Any CPU.ActiveCfg = Release|Any CPU
		{6D776752-440D-432D-870B-E28CFBDC57B1}.Release|Any CPU.Build.0 = Release|Any CPU
	EndGlobalSection
	GlobalSection(SolutionProperties) = preSolution
		HideSolutionNode = FALSE
	EndGlobalSection
	GlobalSection(ExtensibilityGlobals) = postSolution
		SolutionGuid = {550956E0-2BCE-45E9-9F21-D63ABED1FBD6}
	EndGlobalSection
EndGlobal
